
Microsoft Visual Studio Solution File, Format Version 12.00
# Visual Studio 15
VisualStudioVersion = 15.0.26730.16
MinimumVisualStudioVersion = 10.0.40219.1
Project("{9A19103F-16F7-4668-BE54-9A1E7A4F7556}") = "Nofy.Core", "Nofy.Core\Nofy.Core.csproj", "{3497D98F-B56A-4FCF-B90D-8D0D1742981F}"
EndProject
Project("{9A19103F-16F7-4668-BE54-9A1E7A4F7556}") = "Nofy.EntityFrameworkCore", "Nofy.EntityFrameworkCore\Nofy.EntityFrameworkCore.csproj", "{751D4667-6E49-41DA-A556-69B928B1D8E2}"
EndProject
Project("{2150E333-8FDC-42A3-9474-1A3956D46DE8}") = "Solution Items", "Solution Items", "{2E523D1A-6C49-43D1-94A5-10289DA836CE}"
	ProjectSection(SolutionItems) = preProject
		.gitignore = .gitignore
		Nofy.sln.DotSettings = Nofy.sln.DotSettings
		readme.md = readme.md
	EndProjectSection
EndProject
Project("{9A19103F-16F7-4668-BE54-9A1E7A4F7556}") = "Nofy.EntityFrameworkCore.Tests", "Nofy.EntityFrameworkCore.Tests\Nofy.EntityFrameworkCore.Tests.csproj", "{9DC01039-AB5B-482B-9876-0FEF36E922DB}"
EndProject
Project("{FAE04EC0-301F-11D3-BF4B-00C04F79EFBC}") = "Nofy.EntityFramework", "Nofy.EntityFramework\Nofy.EntityFramework.csproj", "{CA371124-F7DD-42D2-8506-113DF0A6E86F}"
EndProject
Project("{FAE04EC0-301F-11D3-BF4B-00C04F79EFBC}") = "Nofy.Entityframework.Test", "Nofy.Entityframework.Test\Nofy.Entityframework.Test.csproj", "{B4F8AC20-AB18-4BD3-861D-F99611E35991}"
EndProject
Project("{2150E333-8FDC-42A3-9474-1A3956D46DE8}") = ".nuget", ".nuget", "{68AC45D4-E8A7-4486-BB2A-AA3385E448C4}"
	ProjectSection(SolutionItems) = preProject
		.nuget\NuGet.config = .nuget\NuGet.config
		.nuget\NuGet.exe = .nuget\NuGet.exe
		.nuget\NuGet.targets = .nuget\NuGet.targets
	EndProjectSection
EndProject
Global
	GlobalSection(SolutionConfigurationPlatforms) = preSolution
		Database|Any CPU = Database|Any CPU
		Debug|Any CPU = Debug|Any CPU
		Release|Any CPU = Release|Any CPU
	EndGlobalSection
	GlobalSection(ProjectConfigurationPlatforms) = postSolution
		{3497D98F-B56A-4FCF-B90D-8D0D1742981F}.Database|Any CPU.ActiveCfg = Debug|Any CPU
		{3497D98F-B56A-4FCF-B90D-8D0D1742981F}.Database|Any CPU.Build.0 = Debug|Any CPU
		{3497D98F-B56A-4FCF-B90D-8D0D1742981F}.Debug|Any CPU.ActiveCfg = Debug|Any CPU
		{3497D98F-B56A-4FCF-B90D-8D0D1742981F}.Debug|Any CPU.Build.0 = Debug|Any CPU
		{3497D98F-B56A-4FCF-B90D-8D0D1742981F}.Release|Any CPU.ActiveCfg = Release|Any CPU
		{3497D98F-B56A-4FCF-B90D-8D0D1742981F}.Release|Any CPU.Build.0 = Release|Any CPU
		{751D4667-6E49-41DA-A556-69B928B1D8E2}.Database|Any CPU.ActiveCfg = Debug|Any CPU
		{751D4667-6E49-41DA-A556-69B928B1D8E2}.Database|Any CPU.Build.0 = Debug|Any CPU
		{751D4667-6E49-41DA-A556-69B928B1D8E2}.Debug|Any CPU.ActiveCfg = Debug|Any CPU
		{751D4667-6E49-41DA-A556-69B928B1D8E2}.Debug|Any CPU.Build.0 = Debug|Any CPU
		{751D4667-6E49-41DA-A556-69B928B1D8E2}.Release|Any CPU.ActiveCfg = Release|Any CPU
		{751D4667-6E49-41DA-A556-69B928B1D8E2}.Release|Any CPU.Build.0 = Release|Any CPU
		{9DC01039-AB5B-482B-9876-0FEF36E922DB}.Database|Any CPU.ActiveCfg = Debug|Any CPU
		{9DC01039-AB5B-482B-9876-0FEF36E922DB}.Database|Any CPU.Build.0 = Debug|Any CPU
		{9DC01039-AB5B-482B-9876-0FEF36E922DB}.Debug|Any CPU.ActiveCfg = Debug|Any CPU
		{9DC01039-AB5B-482B-9876-0FEF36E922DB}.Debug|Any CPU.Build.0 = Debug|Any CPU
		{9DC01039-AB5B-482B-9876-0FEF36E922DB}.Release|Any CPU.ActiveCfg = Release|Any CPU
		{9DC01039-AB5B-482B-9876-0FEF36E922DB}.Release|Any CPU.Build.0 = Release|Any CPU
		{CA371124-F7DD-42D2-8506-113DF0A6E86F}.Database|Any CPU.ActiveCfg = Debug|Any CPU
		{CA371124-F7DD-42D2-8506-113DF0A6E86F}.Database|Any CPU.Build.0 = Debug|Any CPU
		{CA371124-F7DD-42D2-8506-113DF0A6E86F}.Debug|Any CPU.ActiveCfg = Debug|Any CPU
		{CA371124-F7DD-42D2-8506-113DF0A6E86F}.Debug|Any CPU.Build.0 = Debug|Any CPU
		{CA371124-F7DD-42D2-8506-113DF0A6E86F}.Release|Any CPU.ActiveCfg = Release|Any CPU
		{CA371124-F7DD-42D2-8506-113DF0A6E86F}.Release|Any CPU.Build.0 = Release|Any CPU
		{B4F8AC20-AB18-4BD3-861D-F99611E35991}.Database|Any CPU.ActiveCfg = Debug|Any CPU
		{B4F8AC20-AB18-4BD3-861D-F99611E35991}.Database|Any CPU.Build.0 = Debug|Any CPU
		{B4F8AC20-AB18-4BD3-861D-F99611E35991}.Debug|Any CPU.ActiveCfg = Debug|Any CPU
		{B4F8AC20-AB18-4BD3-861D-F99611E35991}.Debug|Any CPU.Build.0 = Debug|Any CPU
		{B4F8AC20-AB18-4BD3-861D-F99611E35991}.Release|Any CPU.ActiveCfg = Release|Any CPU
		{B4F8AC20-AB18-4BD3-861D-F99611E35991}.Release|Any CPU.Build.0 = Release|Any CPU
	EndGlobalSection
	GlobalSection(SolutionProperties) = preSolution
		HideSolutionNode = FALSE
	EndGlobalSection
	GlobalSection(ExtensibilityGlobals) = postSolution
		SolutionGuid = {10A20A50-2DE9-4B0F-B2F2-115BB02AEBD9}
	EndGlobalSection
EndGlobal
